// !$*UTF8*$!
{
	archiveVersion = 1;
	classes = {
	};
	objectVersion = 77;
	objects = {

/* Begin PBXBuildFile section */
		3934048946CA7030FAECDE1F /* Pods_animeSearch_animeSearchUITests.framework in Frameworks */ = {isa = PBXBuildFile; fileRef = 49EE2E971ABEA77ED11B5B99 /* Pods_animeSearch_animeSearchUITests.framework */; };
		A8BE5DF178F5AFDA86DEAD4A /* Pods_animeSearchTests.framework in Frameworks */ = {isa = PBXBuildFile; fileRef = 8975C530A2882D92C7B6EA6E /* Pods_animeSearchTests.framework */; };
		F1EE22ADBA303391CD5B9BA2 /* Pods_animeSearch.framework in Frameworks */ = {isa = PBXBuildFile; fileRef = A7D3EE017C5BE73C9730A29A /* Pods_animeSearch.framework */; };
/* End PBXBuildFile section */

/* Begin PBXContainerItemProxy section */
		CE9F49FA2EC42D9000274974 /* PBXContainerItemProxy */ = {
			isa = PBXContainerItemProxy;
			containerPortal = CE9F49DE2EC42D8E00274974 /* Project object */;
			proxyType = 1;
			remoteGlobalIDString = CE9F49E52EC42D8F00274974;
			remoteInfo = animeSearch;
		};
		CE9F4A042EC42D9000274974 /* PBXContainerItemProxy */ = {
			isa = PBXContainerItemProxy;
			containerPortal = CE9F49DE2EC42D8E00274974 /* Project object */;
			proxyType = 1;
			remoteGlobalIDString = CE9F49E52EC42D8F00274974;
			remoteInfo = animeSearch;
		};
/* End PBXContainerItemProxy section */

/* Begin PBXFileReference section */
		040921639E036166FC51679A /* Pods-animeSearch-animeSearchUITests.debug.xcconfig */ = {isa = PBXFileReference; includeInIndex = 1; lastKnownFileType = text.xcconfig; name = "Pods-animeSearch-animeSearchUITests.debug.xcconfig"; path = "Target Support Files/Pods-animeSearch-animeSearchUITests/Pods-animeSearch-animeSearchUITests.debug.xcconfig"; sourceTree = "<group>"; };
		49EE2E971ABEA77ED11B5B99 /* Pods_animeSearch_animeSearchUITests.framework */ = {isa = PBXFileReference; explicitFileType = wrapper.framework; includeInIndex = 0; path = Pods_animeSearch_animeSearchUITests.framework; sourceTree = BUILT_PRODUCTS_DIR; };
		8919B01C246039C9C58E92FD /* Pods-animeSearch-animeSearchUITests.release.xcconfig */ = {isa = PBXFileReference; includeInIndex = 1; lastKnownFileType = text.xcconfig; name = "Pods-animeSearch-animeSearchUITests.release.xcconfig"; path = "Target Support Files/Pods-animeSearch-animeSearchUITests/Pods-animeSearch-animeSearchUITests.release.xcconfig"; sourceTree = "<group>"; };
		8975C530A2882D92C7B6EA6E /* Pods_animeSearchTests.framework */ = {isa = PBXFileReference; explicitFileType = wrapper.framework; includeInIndex = 0; path = Pods_animeSearchTests.framework; sourceTree = BUILT_PRODUCTS_DIR; };
		A27310C6FFCE088C75D9171C /* Pods-animeSearch.debug.xcconfig */ = {isa = PBXFileReference; includeInIndex = 1; lastKnownFileType = text.xcconfig; name = "Pods-animeSearch.debug.xcconfig"; path = "Target Support Files/Pods-animeSearch/Pods-animeSearch.debug.xcconfig"; sourceTree = "<group>"; };
		A7D3EE017C5BE73C9730A29A /* Pods_animeSearch.framework */ = {isa = PBXFileReference; explicitFileType = wrapper.framework; includeInIndex = 0; path = Pods_animeSearch.framework; sourceTree = BUILT_PRODUCTS_DIR; };
		B81E3E6BEC9B8C7847D58CF5 /* Pods-animeSearchTests.debug.xcconfig */ = {isa = PBXFileReference; includeInIndex = 1; lastKnownFileType = text.xcconfig; name = "Pods-animeSearchTests.debug.xcconfig"; path = "Target Support Files/Pods-animeSearchTests/Pods-animeSearchTests.debug.xcconfig"; sourceTree = "<group>"; };
		B8316FFE2B654B3F0BD3F4C8 /* Pods-animeSearch.release.xcconfig */ = {isa = PBXFileReference; includeInIndex = 1; lastKnownFileType = text.xcconfig; name = "Pods-animeSearch.release.xcconfig"; path = "Target Support Files/Pods-animeSearch/Pods-animeSearch.release.xcconfig"; sourceTree = "<group>"; };
		CE9F49E62EC42D8F00274974 /* animeSearch.app */ = {isa = PBXFileReference; explicitFileType = wrapper.application; includeInIndex = 0; path = animeSearch.app; sourceTree = BUILT_PRODUCTS_DIR; };
		CE9F49F92EC42D9000274974 /* animeSearchTests.xctest */ = {isa = PBXFileReference; explicitFileType = wrapper.cfbundle; includeInIndex = 0; path = animeSearchTests.xctest; sourceTree = BUILT_PRODUCTS_DIR; };
		CE9F4A032EC42D9000274974 /* animeSearchUITests.xctest */ = {isa = PBXFileReference; explicitFileType = wrapper.cfbundle; includeInIndex = 0; path = animeSearchUITests.xctest; sourceTree = BUILT_PRODUCTS_DIR; };
		FA5AF1A46EFDD36762566D45 /* Pods-animeSearchTests.release.xcconfig */ = {isa = PBXFileReference; includeInIndex = 1; lastKnownFileType = text.xcconfig; name = "Pods-animeSearchTests.release.xcconfig"; path = "Target Support Files/Pods-animeSearchTests/Pods-animeSearchTests.release.xcconfig"; sourceTree = "<group>"; };
/* End PBXFileReference section */

/* Begin PBXFileSystemSynchronizedRootGroup section */
		CE9F49E82EC42D8F00274974 /* animeSearch */ = {
			isa = PBXFileSystemSynchronizedRootGroup;
			path = animeSearch;
			sourceTree = "<group>";
		};
		CE9F49FC2EC42D9000274974 /* animeSearchTests */ = {
			isa = PBXFileSystemSynchronizedRootGroup;
			path = animeSearchTests;
			sourceTree = "<group>";
		};
		CE9F4A062EC42D9000274974 /* animeSearchUITests */ = {
			isa = PBXFileSystemSynchronizedRootGroup;
			path = animeSearchUITests;
			sourceTree = "<group>";
		};
/* End PBXFileSystemSynchronizedRootGroup section */

/* Begin PBXFrameworksBuildPhase section */
		CE9F49E32EC42D8F00274974 /* Frameworks */ = {
			isa = PBXFrameworksBuildPhase;
			buildActionMask = 2147483647;
			files = (
				F1EE22ADBA303391CD5B9BA2 /* Pods_animeSearch.framework in Frameworks */,
			);
			runOnlyForDeploymentPostprocessing = 0;
		};
		CE9F49F62EC42D9000274974 /* Frameworks */ = {
			isa = PBXFrameworksBuildPhase;
			buildActionMask = 2147483647;
			files = (
				A8BE5DF178F5AFDA86DEAD4A /* Pods_animeSearchTests.framework in Frameworks */,
			);
			runOnlyForDeploymentPostprocessing = 0;
		};
		CE9F4A002EC42D9000274974 /* Frameworks */ = {
			isa = PBXFrameworksBuildPhase;
			buildActionMask = 2147483647;
			files = (
				3934048946CA7030FAECDE1F /* Pods_animeSearch_animeSearchUITests.framework in Frameworks */,
			);
			runOnlyForDeploymentPostprocessing = 0;
		};
/* End PBXFrameworksBuildPhase section */

/* Begin PBXGroup section */
		380472696B4F9B2F00374488 /* Pods */ = {
			isa = PBXGroup;
			children = (
				A27310C6FFCE088C75D9171C /* Pods-animeSearch.debug.xcconfig */,
				B8316FFE2B654B3F0BD3F4C8 /* Pods-animeSearch.release.xcconfig */,
				040921639E036166FC51679A /* Pods-animeSearch-animeSearchUITests.debug.xcconfig */,
				8919B01C246039C9C58E92FD /* Pods-animeSearch-animeSearchUITests.release.xcconfig */,
				B81E3E6BEC9B8C7847D58CF5 /* Pods-animeSearchTests.debug.xcconfig */,
				FA5AF1A46EFDD36762566D45 /* Pods-animeSearchTests.release.xcconfig */,
			);
			path = Pods;
			sourceTree = "<group>";
		};
		B34C115913D436D7A1546FB8 /* Frameworks */ = {
			isa = PBXGroup;
			children = (
				A7D3EE017C5BE73C9730A29A /* Pods_animeSearch.framework */,
				49EE2E971ABEA77ED11B5B99 /* Pods_animeSearch_animeSearchUITests.framework */,
				8975C530A2882D92C7B6EA6E /* Pods_animeSearchTests.framework */,
			);
			name = Frameworks;
			sourceTree = "<group>";
		};
		CE9F49DD2EC42D8E00274974 = {
			isa = PBXGroup;
			children = (
				CE9F49E82EC42D8F00274974 /* animeSearch */,
				CE9F49FC2EC42D9000274974 /* animeSearchTests */,
				CE9F4A062EC42D9000274974 /* animeSearchUITests */,
				CE9F49E72EC42D8F00274974 /* Products */,
				380472696B4F9B2F00374488 /* Pods */,
				B34C115913D436D7A1546FB8 /* Frameworks */,
			);
			sourceTree = "<group>";
		};
		CE9F49E72EC42D8F00274974 /* Products */ = {
			isa = PBXGroup;
			children = (
				CE9F49E62EC42D8F00274974 /* animeSearch.app */,
				CE9F49F92EC42D9000274974 /* animeSearchTests.xctest */,
				CE9F4A032EC42D9000274974 /* animeSearchUITests.xctest */,
			);
			name = Products;
			sourceTree = "<group>";
		};
/* End PBXGroup section */

/* Begin PBXNativeTarget section */
		CE9F49E52EC42D8F00274974 /* animeSearch */ = {
			isa = PBXNativeTarget;
			buildConfigurationList = CE9F4A0D2EC42D9000274974 /* Build configuration list for PBXNativeTarget "animeSearch" */;
			buildPhases = (
				3F2231A8D6498D972295743F /* [CP] Check Pods Manifest.lock */,
				CE9F49E22EC42D8F00274974 /* Sources */,
				CE9F49E32EC42D8F00274974 /* Frameworks */,
				CE9F49E42EC42D8F00274974 /* Resources */,
				F191FB2BA312598C16539103 /* [CP] Embed Pods Frameworks */,
			);
			buildRules = (
			);
			dependencies = (
			);
			fileSystemSynchronizedGroups = (
				CE9F49E82EC42D8F00274974 /* animeSearch */,
			);
			name = animeSearch;
			productName = animeSearch;
			productReference = CE9F49E62EC42D8F00274974 /* animeSearch.app */;
			productType = "com.apple.product-type.application";
		};
		CE9F49F82EC42D9000274974 /* animeSearchTests */ = {
			isa = PBXNativeTarget;
			buildConfigurationList = CE9F4A102EC42D9000274974 /* Build configuration list for PBXNativeTarget "animeSearchTests" */;
			buildPhases = (
				47F7BF3698508719C70EF81D /* [CP] Check Pods Manifest.lock */,
				CE9F49F52EC42D9000274974 /* Sources */,
				CE9F49F62EC42D9000274974 /* Frameworks */,
				CE9F49F72EC42D9000274974 /* Resources */,
			);
			buildRules = (
			);
			dependencies = (
				CE9F49FB2EC42D9000274974 /* PBXTargetDependency */,
			);
			fileSystemSynchronizedGroups = (
				CE9F49FC2EC42D9000274974 /* animeSearchTests */,
			);
			name = animeSearchTests;
			productName = animeSearchTests;
			productReference = CE9F49F92EC42D9000274974 /* animeSearchTests.xctest */;
			productType = "com.apple.product-type.bundle.unit-test";
		};
		CE9F4A022EC42D9000274974 /* animeSearchUITests */ = {
			isa = PBXNativeTarget;
			buildConfigurationList = CE9F4A132EC42D9000274974 /* Build configuration list for PBXNativeTarget "animeSearchUITests" */;
			buildPhases = (
				28221AF9C2E0D13885059B14 /* [CP] Check Pods Manifest.lock */,
				CE9F49FF2EC42D9000274974 /* Sources */,
				CE9F4A002EC42D9000274974 /* Frameworks */,
				CE9F4A012EC42D9000274974 /* Resources */,
				A17526E03F01A8F88C562428 /* [CP] Embed Pods Frameworks */,
			);
			buildRules = (
			);
			dependencies = (
				CE9F4A052EC42D9000274974 /* PBXTargetDependency */,
			);
			fileSystemSynchronizedGroups = (
				CE9F4A062EC42D9000274974 /* animeSearchUITests */,
			);
			name = animeSearchUITests;
			productName = animeSearchUITests;
			productReference = CE9F4A032EC42D9000274974 /* animeSearchUITests.xctest */;
			productType = "com.apple.product-type.bundle.ui-testing";
		};
/* End PBXNativeTarget section */

/* Begin PBXProject section */
		CE9F49DE2EC42D8E00274974 /* Project object */ = {
			isa = PBXProject;
			attributes = {
				BuildIndependentTargetsInParallel = 1;
				LastSwiftUpdateCheck = 1600;
				LastUpgradeCheck = 1600;
				TargetAttributes = {
					CE9F49E52EC42D8F00274974 = {
						CreatedOnToolsVersion = 16.0;
					};
					CE9F49F82EC42D9000274974 = {
						CreatedOnToolsVersion = 16.0;
						TestTargetID = CE9F49E52EC42D8F00274974;
					};
					CE9F4A022EC42D9000274974 = {
						CreatedOnToolsVersion = 16.0;
						TestTargetID = CE9F49E52EC42D8F00274974;
					};
				};
			};
			buildConfigurationList = CE9F49E12EC42D8E00274974 /* Build configuration list for PBXProject "animeSearch" */;
			developmentRegion = en;
			hasScannedForEncodings = 0;
			knownRegions = (
				en,
				Base,
			);
			mainGroup = CE9F49DD2EC42D8E00274974;
			minimizedProjectReferenceProxies = 1;
			packageReferences = (
				CE39DD632EC44E9C0093BFBB /* XCRemoteSwiftPackageReference "RxSwift" */,
			);
			preferredProjectObjectVersion = 77;
			productRefGroup = CE9F49E72EC42D8F00274974 /* Products */;
			projectDirPath = "";
			projectRoot = "";
			targets = (
				CE9F49E52EC42D8F00274974 /* animeSearch */,
				CE9F49F82EC42D9000274974 /* animeSearchTests */,
				CE9F4A022EC42D9000274974 /* animeSearchUITests */,
			);
		};
/* End PBXProject section */

/* Begin PBXResourcesBuildPhase section */
		CE9F49E42EC42D8F00274974 /* Resources */ = {
			isa = PBXResourcesBuildPhase;
			buildActionMask = 2147483647;
			files = (
			);
			runOnlyForDeploymentPostprocessing = 0;
		};
		CE9F49F72EC42D9000274974 /* Resources */ = {
			isa = PBXResourcesBuildPhase;
			buildActionMask = 2147483647;
			files = (
			);
			runOnlyForDeploymentPostprocessing = 0;
		};
		CE9F4A012EC42D9000274974 /* Resources */ = {
			isa = PBXResourcesBuildPhase;
			buildActionMask = 2147483647;
			files = (
			);
			runOnlyForDeploymentPostprocessing = 0;
		};
/* End PBXResourcesBuildPhase section */

/* Begin PBXShellScriptBuildPhase section */
		28221AF9C2E0D13885059B14 /* [CP] Check Pods Manifest.lock */ = {
			isa = PBXShellScriptBuildPhase;
			buildActionMask = 2147483647;
			files = (
			);
			inputFileListPaths = (
			);
			inputPaths = (
				"${PODS_PODFILE_DIR_PATH}/Podfile.lock",
				"${PODS_ROOT}/Manifest.lock",
			);
			name = "[CP] Check Pods Manifest.lock";
			outputFileListPaths = (
			);
			outputPaths = (
				"$(DERIVED_FILE_DIR)/Pods-animeSearch-animeSearchUITests-checkManifestLockResult.txt",
			);
			runOnlyForDeploymentPostprocessing = 0;
			shellPath = /bin/sh;
			shellScript = "diff \"${PODS_PODFILE_DIR_PATH}/Podfile.lock\" \"${PODS_ROOT}/Manifest.lock\" > /dev/null\nif [ $? != 0 ] ; then\n    # print error to STDERR\n    echo \"error: The sandbox is not in sync with the Podfile.lock. Run 'pod install' or update your CocoaPods installation.\" >&2\n    exit 1\nfi\n# This output is used by Xcode 'outputs' to avoid re-running this script phase.\necho \"SUCCESS\" > \"${SCRIPT_OUTPUT_FILE_0}\"\n";
			showEnvVarsInLog = 0;
		};
		3F2231A8D6498D972295743F /* [CP] Check Pods Manifest.lock */ = {
			isa = PBXShellScriptBuildPhase;
			buildActionMask = 2147483647;
			files = (
			);
			inputFileListPaths = (
			);
			inputPaths = (
				"${PODS_PODFILE_DIR_PATH}/Podfile.lock",
				"${PODS_ROOT}/Manifest.lock",
			);
			name = "[CP] Check Pods Manifest.lock";
			outputFileListPaths = (
			);
			outputPaths = (
				"$(DERIVED_FILE_DIR)/Pods-animeSearch-checkManifestLockResult.txt",
			);
			runOnlyForDeploymentPostprocessing = 0;
			shellPath = /bin/sh;
			shellScript = "diff \"${PODS_PODFILE_DIR_PATH}/Podfile.lock\" \"${PODS_ROOT}/Manifest.lock\" > /dev/null\nif [ $? != 0 ] ; then\n    # print error to STDERR\n    echo \"error: The sandbox is not in sync with the Podfile.lock. Run 'pod install' or update your CocoaPods installation.\" >&2\n    exit 1\nfi\n# This output is used by Xcode 'outputs' to avoid re-running this script phase.\necho \"SUCCESS\" > \"${SCRIPT_OUTPUT_FILE_0}\"\n";
			showEnvVarsInLog = 0;
		};
		47F7BF3698508719C70EF81D /* [CP] Check Pods Manifest.lock */ = {
			isa = PBXShellScriptBuildPhase;
			buildActionMask = 2147483647;
			files = (
			);
			inputFileListPaths = (
			);
			inputPaths = (
				"${PODS_PODFILE_DIR_PATH}/Podfile.lock",
				"${PODS_ROOT}/Manifest.lock",
			);
			name = "[CP] Check Pods Manifest.lock";
			outputFileListPaths = (
			);
			outputPaths = (
				"$(DERIVED_FILE_DIR)/Pods-animeSearchTests-checkManifestLockResult.txt",
			);
			runOnlyForDeploymentPostprocessing = 0;
			shellPath = /bin/sh;
			shellScript = "diff \"${PODS_PODFILE_DIR_PATH}/Podfile.lock\" \"${PODS_ROOT}/Manifest.lock\" > /dev/null\nif [ $? != 0 ] ; then\n    # print error to STDERR\n    echo \"error: The sandbox is not in sync with the Podfile.lock. Run 'pod install' or update your CocoaPods installation.\" >&2\n    exit 1\nfi\n# This output is used by Xcode 'outputs' to avoid re-running this script phase.\necho \"SUCCESS\" > \"${SCRIPT_OUTPUT_FILE_0}\"\n";
			showEnvVarsInLog = 0;
		};
		A17526E03F01A8F88C562428 /* [CP] Embed Pods Frameworks */ = {
			isa = PBXShellScriptBuildPhase;
			buildActionMask = 2147483647;
			files = (
			);
			inputFileListPaths = (
				"${PODS_ROOT}/Target Support Files/Pods-animeSearch-animeSearchUITests/Pods-animeSearch-animeSearchUITests-frameworks-${CONFIGURATION}-input-files.xcfilelist",
			);
			name = "[CP] Embed Pods Frameworks";
			outputFileListPaths = (
				"${PODS_ROOT}/Target Support Files/Pods-animeSearch-animeSearchUITests/Pods-animeSearch-animeSearchUITests-frameworks-${CONFIGURATION}-output-files.xcfilelist",
			);
			runOnlyForDeploymentPostprocessing = 0;
			shellPath = /bin/sh;
			shellScript = "\"${PODS_ROOT}/Target Support Files/Pods-animeSearch-animeSearchUITests/Pods-animeSearch-animeSearchUITests-frameworks.sh\"\n";
			showEnvVarsInLog = 0;
		};
		F191FB2BA312598C16539103 /* [CP] Embed Pods Frameworks */ = {
			isa = PBXShellScriptBuildPhase;
			buildActionMask = 2147483647;
			files = (
			);
			inputFileListPaths = (
				"${PODS_ROOT}/Target Support Files/Pods-animeSearch/Pods-animeSearch-frameworks-${CONFIGURATION}-input-files.xcfilelist",
			);
			name = "[CP] Embed Pods Frameworks";
			outputFileListPaths = (
				"${PODS_ROOT}/Target Support Files/Pods-animeSearch/Pods-animeSearch-frameworks-${CONFIGURATION}-output-files.xcfilelist",
			);
			runOnlyForDeploymentPostprocessing = 0;
			shellPath = /bin/sh;
			shellScript = "\"${PODS_ROOT}/Target Support Files/Pods-animeSearch/Pods-animeSearch-frameworks.sh\"\n";
			showEnvVarsInLog = 0;
		};
/* End PBXShellScriptBuildPhase section */

/* Begin PBXSourcesBuildPhase section */
		CE9F49E22EC42D8F00274974 /* Sources */ = {
			isa = PBXSourcesBuildPhase;
			buildActionMask = 2147483647;
			files = (
			);
			runOnlyForDeploymentPostprocessing = 0;
		};
		CE9F49F52EC42D9000274974 /* Sources */ = {
			isa = PBXSourcesBuildPhase;
			buildActionMask = 2147483647;
			files = (
			);
			runOnlyForDeploymentPostprocessing = 0;
		};
		CE9F49FF2EC42D9000274974 /* Sources */ = {
			isa = PBXSourcesBuildPhase;
			buildActionMask = 2147483647;
			files = (
			);
			runOnlyForDeploymentPostprocessing = 0;
		};
/* End PBXSourcesBuildPhase section */

/* Begin PBXTargetDependency section */
		CE9F49FB2EC42D9000274974 /* PBXTargetDependency */ = {
			isa = PBXTargetDependency;
			target = CE9F49E52EC42D8F00274974 /* animeSearch */;
			targetProxy = CE9F49FA2EC42D9000274974 /* PBXContainerItemProxy */;
		};
		CE9F4A052EC42D9000274974 /* PBXTargetDependency */ = {
			isa = PBXTargetDependency;
			target = CE9F49E52EC42D8F00274974 /* animeSearch */;
			targetProxy = CE9F4A042EC42D9000274974 /* PBXContainerItemProxy */;
		};
/* End PBXTargetDependency section */

/* Begin XCBuildConfiguration section */
		CE9F4A0B2EC42D9000274974 /* Debug */ = {
			isa = XCBuildConfiguration;
			buildSettings = {
				ALWAYS_SEARCH_USER_PATHS = NO;
				ASSETCATALOG_COMPILER_GENERATE_SWIFT_ASSET_SYMBOL_EXTENSIONS = YES;
				CLANG_ANALYZER_NONNULL = YES;
				CLANG_ANALYZER_NUMBER_OBJECT_CONVERSION = YES_AGGRESSIVE;
				CLANG_CXX_LANGUAGE_STANDARD = "gnu++20";
				CLANG_ENABLE_MODULES = YES;
				CLANG_ENABLE_OBJC_ARC = YES;
				CLANG_ENABLE_OBJC_WEAK = YES;
				CLANG_WARN_BLOCK_CAPTURE_AUTORELEASING = YES;
				CLANG_WARN_BOOL_CONVERSION = YES;
				CLANG_WARN_COMMA = YES;
				CLANG_WARN_CONSTANT_CONVERSION = YES;
				CLANG_WARN_DEPRECATED_OBJC_IMPLEMENTATIONS = YES;
				CLANG_WARN_DIRECT_OBJC_ISA_USAGE = YES_ERROR;
				CLANG_WARN_DOCUMENTATION_COMMENTS = YES;
				CLANG_WARN_EMPTY_BODY = YES;
				CLANG_WARN_ENUM_CONVERSION = YES;
				CLANG_WARN_INFINITE_RECURSION = YES;
				CLANG_WARN_INT_CONVERSION = YES;
				CLANG_WARN_NON_LITERAL_NULL_CONVERSION = YES;
				CLANG_WARN_OBJC_IMPLICIT_RETAIN_SELF = YES;
				CLANG_WARN_OBJC_LITERAL_CONVERSION = YES;
				CLANG_WARN_OBJC_ROOT_CLASS = YES_ERROR;
				CLANG_WARN_QUOTED_INCLUDE_IN_FRAMEWORK_HEADER = YES;
				CLANG_WARN_RANGE_LOOP_ANALYSIS = YES;
				CLANG_WARN_STRICT_PROTOTYPES = YES;
				CLANG_WARN_SUSPICIOUS_MOVE = YES;
				CLANG_WARN_UNGUARDED_AVAILABILITY = YES_AGGRESSIVE;
				CLANG_WARN_UNREACHABLE_CODE = YES;
				CLANG_WARN__DUPLICATE_METHOD_MATCH = YES;
				COPY_PHASE_STRIP = NO;
				DEBUG_INFORMATION_FORMAT = dwarf;
				ENABLE_STRICT_OBJC_MSGSEND = YES;
				ENABLE_TESTABILITY = YES;
				ENABLE_USER_SCRIPT_SANDBOXING = YES;
				GCC_C_LANGUAGE_STANDARD = gnu17;
				GCC_DYNAMIC_NO_PIC = NO;
				GCC_NO_COMMON_BLOCKS = YES;
				GCC_OPTIMIZATION_LEVEL = 0;
				GCC_PREPROCESSOR_DEFINITIONS = (
					"DEBUG=1",
					"$(inherited)",
				);
				GCC_WARN_64_TO_32_BIT_CONVERSION = YES;
				GCC_WARN_ABOUT_RETURN_TYPE = YES_ERROR;
				GCC_WARN_UNDECLARED_SELECTOR = YES;
				GCC_WARN_UNINITIALIZED_AUTOS = YES_AGGRESSIVE;
				GCC_WARN_UNUSED_FUNCTION = YES;
				GCC_WARN_UNUSED_VARIABLE = YES;
				LOCALIZATION_PREFERS_STRING_CATALOGS = YES;
				MTL_ENABLE_DEBUG_INFO = INCLUDE_SOURCE;
				MTL_FAST_MATH = YES;
				ONLY_ACTIVE_ARCH = YES;
				SWIFT_ACTIVE_COMPILATION_CONDITIONS = "DEBUG $(inherited)";
				SWIFT_OPTIMIZATION_LEVEL = "-Onone";
			};
			name = Debug;
		};
		CE9F4A0C2EC42D9000274974 /* Release */ = {
			isa = XCBuildConfiguration;
			buildSettings = {
				ALWAYS_SEARCH_USER_PATHS = NO;
				ASSETCATALOG_COMPILER_GENERATE_SWIFT_ASSET_SYMBOL_EXTENSIONS = YES;
				CLANG_ANALYZER_NONNULL = YES;
				CLANG_ANALYZER_NUMBER_OBJECT_CONVERSION = YES_AGGRESSIVE;
				CLANG_CXX_LANGUAGE_STANDARD = "gnu++20";
				CLANG_ENABLE_MODULES = YES;
				CLANG_ENABLE_OBJC_ARC = YES;
				CLANG_ENABLE_OBJC_WEAK = YES;
				CLANG_WARN_BLOCK_CAPTURE_AUTORELEASING = YES;
				CLANG_WARN_BOOL_CONVERSION = YES;
				CLANG_WARN_COMMA = YES;
				CLANG_WARN_CONSTANT_CONVERSION = YES;
				CLANG_WARN_DEPRECATED_OBJC_IMPLEMENTATIONS = YES;
				CLANG_WARN_DIRECT_OBJC_ISA_USAGE = YES_ERROR;
				CLANG_WARN_DOCUMENTATION_COMMENTS = YES;
				CLANG_WARN_EMPTY_BODY = YES;
				CLANG_WARN_ENUM_CONVERSION = YES;
				CLANG_WARN_INFINITE_RECURSION = YES;
				CLANG_WARN_INT_CONVERSION = YES;
				CLANG_WARN_NON_LITERAL_NULL_CONVERSION = YES;
				CLANG_WARN_OBJC_IMPLICIT_RETAIN_SELF = YES;
				CLANG_WARN_OBJC_LITERAL_CONVERSION = YES;
				CLANG_WARN_OBJC_ROOT_CLASS = YES_ERROR;
				CLANG_WARN_QUOTED_INCLUDE_IN_FRAMEWORK_HEADER = YES;
				CLANG_WARN_RANGE_LOOP_ANALYSIS = YES;
				CLANG_WARN_STRICT_PROTOTYPES = YES;
				CLANG_WARN_SUSPICIOUS_MOVE = YES;
				CLANG_WARN_UNGUARDED_AVAILABILITY = YES_AGGRESSIVE;
				CLANG_WARN_UNREACHABLE_CODE = YES;
				CLANG_WARN__DUPLICATE_METHOD_MATCH = YES;
				COPY_PHASE_STRIP = NO;
				DEBUG_INFORMATION_FORMAT = "dwarf-with-dsym";
				ENABLE_NS_ASSERTIONS = NO;
				ENABLE_STRICT_OBJC_MSGSEND = YES;
				ENABLE_USER_SCRIPT_SANDBOXING = YES;
				GCC_C_LANGUAGE_STANDARD = gnu17;
				GCC_NO_COMMON_BLOCKS = YES;
				GCC_WARN_64_TO_32_BIT_CONVERSION = YES;
				GCC_WARN_ABOUT_RETURN_TYPE = YES_ERROR;
				GCC_WARN_UNDECLARED_SELECTOR = YES;
				GCC_WARN_UNINITIALIZED_AUTOS = YES_AGGRESSIVE;
				GCC_WARN_UNUSED_FUNCTION = YES;
				GCC_WARN_UNUSED_VARIABLE = YES;
				LOCALIZATION_PREFERS_STRING_CATALOGS = YES;
				MTL_ENABLE_DEBUG_INFO = NO;
				MTL_FAST_MATH = YES;
				SWIFT_COMPILATION_MODE = wholemodule;
			};
			name = Release;
		};
		CE9F4A0E2EC42D9000274974 /* Debug */ = {
			isa = XCBuildConfiguration;
			baseConfigurationReference = A27310C6FFCE088C75D9171C /* Pods-animeSearch.debug.xcconfig */;
			buildSettings = {
				ASSETCATALOG_COMPILER_APPICON_NAME = AppIcon;
				ASSETCATALOG_COMPILER_GLOBAL_ACCENT_COLOR_NAME = AccentColor;
				CODE_SIGN_ENTITLEMENTS = animeSearch/animeSearch.entitlements;
				CODE_SIGN_STYLE = Automatic;
				CURRENT_PROJECT_VERSION = 1;
				DEVELOPMENT_ASSET_PATHS = "\"animeSearch/Preview Content\"";
				DEVELOPMENT_TEAM = PRJT2FXC64;
				ENABLE_HARDENED_RUNTIME = YES;
				ENABLE_PREVIEWS = YES;
				GENERATE_INFOPLIST_FILE = YES;
				"INFOPLIST_KEY_UIApplicationSceneManifest_Generation[sdk=iphoneos*]" = YES;
				"INFOPLIST_KEY_UIApplicationSceneManifest_Generation[sdk=iphonesimulator*]" = YES;
				"INFOPLIST_KEY_UIApplicationSupportsIndirectInputEvents[sdk=iphoneos*]" = YES;
				"INFOPLIST_KEY_UIApplicationSupportsIndirectInputEvents[sdk=iphonesimulator*]" = YES;
				"INFOPLIST_KEY_UILaunchScreen_Generation[sdk=iphoneos*]" = YES;
				"INFOPLIST_KEY_UILaunchScreen_Generation[sdk=iphonesimulator*]" = YES;
				"INFOPLIST_KEY_UIStatusBarStyle[sdk=iphoneos*]" = UIStatusBarStyleDefault;
				"INFOPLIST_KEY_UIStatusBarStyle[sdk=iphonesimulator*]" = UIStatusBarStyleDefault;
				INFOPLIST_KEY_UISupportedInterfaceOrientations_iPad = "UIInterfaceOrientationPortrait UIInterfaceOrientationPortraitUpsideDown UIInterfaceOrientationLandscapeLeft UIInterfaceOrientationLandscapeRight";
				INFOPLIST_KEY_UISupportedInterfaceOrientations_iPhone = "UIInterfaceOrientationPortrait UIInterfaceOrientationLandscapeLeft UIInterfaceOrientationLandscapeRight";
				IPHONEOS_DEPLOYMENT_TARGET = 18.0;
				LD_RUNPATH_SEARCH_PATHS = "$(inherited) @executable_path/Frameworks";
				"LD_RUNPATH_SEARCH_PATHS[sdk=macosx*]" = "$(inherited) @executable_path/../Frameworks";
				MACOSX_DEPLOYMENT_TARGET = 14.0;
				MARKETING_VERSION = 1.0;
				PRODUCT_BUNDLE_IDENTIFIER = id.wahid.animeSearch;
				PRODUCT_NAME = "$(TARGET_NAME)";
				SDKROOT = auto;
				SUPPORTED_PLATFORMS = "iphoneos iphonesimulator macosx xros xrsimulator";
				SWIFT_EMIT_LOC_STRINGS = YES;
				SWIFT_VERSION = 5.0;
				TARGETED_DEVICE_FAMILY = "1,2,7";
				XROS_DEPLOYMENT_TARGET = 2.0;
			};
			name = Debug;
		};
		CE9F4A0F2EC42D9000274974 /* Release */ = {
			isa = XCBuildConfiguration;
			baseConfigurationReference = B8316FFE2B654B3F0BD3F4C8 /* Pods-animeSearch.release.xcconfig */;
			buildSettings = {
				ASSETCATALOG_COMPILER_APPICON_NAME = AppIcon;
				ASSETCATALOG_COMPILER_GLOBAL_ACCENT_COLOR_NAME = AccentColor;
				CODE_SIGN_ENTITLEMENTS = animeSearch/animeSearch.entitlements;
				CODE_SIGN_STYLE = Automatic;
				CURRENT_PROJECT_VERSION = 1;
				DEVELOPMENT_ASSET_PATHS = "\"animeSearch/Preview Content\"";
				DEVELOPMENT_TEAM = PRJT2FXC64;
				ENABLE_HARDENED_RUNTIME = YES;
				ENABLE_PREVIEWS = YES;
				GENERATE_INFOPLIST_FILE = YES;
				"INFOPLIST_KEY_UIApplicationSceneManifest_Generation[sdk=iphoneos*]" = YES;
				"INFOPLIST_KEY_UIApplicationSceneManifest_Generation[sdk=iphonesimulator*]" = YES;
				"INFOPLIST_KEY_UIApplicationSupportsIndirectInputEvents[sdk=iphoneos*]" = YES;
				"INFOPLIST_KEY_UIApplicationSupportsIndirectInputEvents[sdk=iphonesimulator*]" = YES;
				"INFOPLIST_KEY_UILaunchScreen_Generation[sdk=iphoneos*]" = YES;
				"INFOPLIST_KEY_UILaunchScreen_Generation[sdk=iphonesimulator*]" = YES;
				"INFOPLIST_KEY_UIStatusBarStyle[sdk=iphoneos*]" = UIStatusBarStyleDefault;
				"INFOPLIST_KEY_UIStatusBarStyle[sdk=iphonesimulator*]" = UIStatusBarStyleDefault;
				INFOPLIST_KEY_UISupportedInterfaceOrientations_iPad = "UIInterfaceOrientationPortrait UIInterfaceOrientationPortraitUpsideDown UIInterfaceOrientationLandscapeLeft UIInterfaceOrientationLandscapeRight";
				INFOPLIST_KEY_UISupportedInterfaceOrientations_iPhone = "UIInterfaceOrientationPortrait UIInterfaceOrientationLandscapeLeft UIInterfaceOrientationLandscapeRight";
				IPHONEOS_DEPLOYMENT_TARGET = 18.0;
				LD_RUNPATH_SEARCH_PATHS = "$(inherited) @executable_path/Frameworks";
				"LD_RUNPATH_SEARCH_PATHS[sdk=macosx*]" = "$(inherited) @executable_path/../Frameworks";
				MACOSX_DEPLOYMENT_TARGET = 14.0;
				MARKETING_VERSION = 1.0;
				PRODUCT_BUNDLE_IDENTIFIER = id.wahid.animeSearch;
				PRODUCT_NAME = "$(TARGET_NAME)";
				SDKROOT = auto;
				SUPPORTED_PLATFORMS = "iphoneos iphonesimulator macosx xros xrsimulator";
				SWIFT_EMIT_LOC_STRINGS = YES;
				SWIFT_VERSION = 5.0;
				TARGETED_DEVICE_FAMILY = "1,2,7";
				XROS_DEPLOYMENT_TARGET = 2.0;
			};
			name = Release;
		};
		CE9F4A112EC42D9000274974 /* Debug */ = {
			isa = XCBuildConfiguration;
			baseConfigurationReference = B81E3E6BEC9B8C7847D58CF5 /* Pods-animeSearchTests.debug.xcconfig */;
			buildSettings = {
				BUNDLE_LOADER = "$(TEST_HOST)";
				CODE_SIGN_STYLE = Automatic;
				CURRENT_PROJECT_VERSION = 1;
				DEVELOPMENT_TEAM = PRJT2FXC64;
				GENERATE_INFOPLIST_FILE = YES;
				IPHONEOS_DEPLOYMENT_TARGET = 18.0;
				MACOSX_DEPLOYMENT_TARGET = 15.0;
				MARKETING_VERSION = 1.0;
				PRODUCT_BUNDLE_IDENTIFIER = id.wahid.animeSearchTests;
				PRODUCT_NAME = "$(TARGET_NAME)";
				SDKROOT = auto;
				SUPPORTED_PLATFORMS = "iphoneos iphonesimulator macosx xros xrsimulator";
				SWIFT_EMIT_LOC_STRINGS = NO;
				SWIFT_VERSION = 5.0;
				TARGETED_DEVICE_FAMILY = "1,2,7";
				TEST_HOST = "$(BUILT_PRODUCTS_DIR)/animeSearch.app/$(BUNDLE_EXECUTABLE_FOLDER_PATH)/animeSearch";
				XROS_DEPLOYMENT_TARGET = 2.0;
			};
			name = Debug;
		};
		CE9F4A122EC42D9000274974 /* Release */ = {
			isa = XCBuildConfiguration;
			baseConfigurationReference = FA5AF1A46EFDD36762566D45 /* Pods-animeSearchTests.release.xcconfig */;
			buildSettings = {
				BUNDLE_LOADER = "$(TEST_HOST)";
				CODE_SIGN_STYLE = Automatic;
				CURRENT_PROJECT_VERSION = 1;
				DEVELOPMENT_TEAM = PRJT2FXC64;
				GENERATE_INFOPLIST_FILE = YES;
				IPHONEOS_DEPLOYMENT_TARGET = 18.0;
				MACOSX_DEPLOYMENT_TARGET = 15.0;
				MARKETING_VERSION = 1.0;
				PRODUCT_BUNDLE_IDENTIFIER = id.wahid.animeSearchTests;
				PRODUCT_NAME = "$(TARGET_NAME)";
				SDKROOT = auto;
				SUPPORTED_PLATFORMS = "iphoneos iphonesimulator macosx xros xrsimulator";
				SWIFT_EMIT_LOC_STRINGS = NO;
				SWIFT_VERSION = 5.0;
				TARGETED_DEVICE_FAMILY = "1,2,7";
				TEST_HOST = "$(BUILT_PRODUCTS_DIR)/animeSearch.app/$(BUNDLE_EXECUTABLE_FOLDER_PATH)/animeSearch";
				XROS_DEPLOYMENT_TARGET = 2.0;
			};
			name = Release;
		};
		CE9F4A142EC42D9000274974 /* Debug */ = {
			isa = XCBuildConfiguration;
			baseConfigurationReference = 040921639E036166FC51679A /* Pods-animeSearch-animeSearchUITests.debug.xcconfig */;
			buildSettings = {
				CODE_SIGN_STYLE = Automatic;
				CURRENT_PROJECT_VERSION = 1;
				DEVELOPMENT_TEAM = PRJT2FXC64;
				GENERATE_INFOPLIST_FILE = YES;
				IPHONEOS_DEPLOYMENT_TARGET = 18.0;
				MACOSX_DEPLOYMENT_TARGET = 15.0;
				MARKETING_VERSION = 1.0;
				PRODUCT_BUNDLE_IDENTIFIER = id.wahid.animeSearchUITests;
				PRODUCT_NAME = "$(TARGET_NAME)";
				SDKROOT = auto;
				SUPPORTED_PLATFORMS = "iphoneos iphonesimulator macosx xros xrsimulator";
				SWIFT_EMIT_LOC_STRINGS = NO;
				SWIFT_VERSION = 5.0;
				TARGETED_DEVICE_FAMILY = "1,2,7";
				TEST_TARGET_NAME = animeSearch;
				XROS_DEPLOYMENT_TARGET = 2.0;
			};
			name = Debug;
		};
		CE9F4A152EC42D9000274974 /* Release */ = {
			isa = XCBuildConfiguration;
			baseConfigurationReference = 8919B01C246039C9C58E92FD /* Pods-animeSearch-animeSearchUITests.release.xcconfig */;
			buildSettings = {
				CODE_SIGN_STYLE = Automatic;
				CURRENT_PROJECT_VERSION = 1;
				DEVELOPMENT_TEAM = PRJT2FXC64;
				GENERATE_INFOPLIST_FILE = YES;
				IPHONEOS_DEPLOYMENT_TARGET = 18.0;
				MACOSX_DEPLOYMENT_TARGET = 15.0;
				MARKETING_VERSION = 1.0;
				PRODUCT_BUNDLE_IDENTIFIER = id.wahid.animeSearchUITests;
				PRODUCT_NAME = "$(TARGET_NAME)";
				SDKROOT = auto;
				SUPPORTED_PLATFORMS = "iphoneos iphonesimulator macosx xros xrsimulator";
				SWIFT_EMIT_LOC_STRINGS = NO;
				SWIFT_VERSION = 5.0;
				TARGETED_DEVICE_FAMILY = "1,2,7";
				TEST_TARGET_NAME = animeSearch;
				XROS_DEPLOYMENT_TARGET = 2.0;
			};
			name = Release;
		};
/* End XCBuildConfiguration section */

/* Begin XCConfigurationList section */
		CE9F49E12EC42D8E00274974 /* Build configuration list for PBXProject "animeSearch" */ = {
			isa = XCConfigurationList;
			buildConfigurations = (
				CE9F4A0B2EC42D9000274974 /* Debug */,
				CE9F4A0C2EC42D9000274974 /* Release */,
			);
			defaultConfigurationIsVisible = 0;
			defaultConfigurationName = Release;
		};
		CE9F4A0D2EC42D9000274974 /* Build configuration list for PBXNativeTarget "animeSearch" */ = {
			isa = XCConfigurationList;
			buildConfigurations = (
				CE9F4A0E2EC42D9000274974 /* Debug */,
				CE9F4A0F2EC42D9000274974 /* Release */,
			);
			defaultConfigurationIsVisible = 0;
			defaultConfigurationName = Release;
		};
		CE9F4A102EC42D9000274974 /* Build configuration list for PBXNativeTarget "animeSearchTests" */ = {
			isa = XCConfigurationList;
			buildConfigurations = (
				CE9F4A112EC42D9000274974 /* Debug */,
				CE9F4A122EC42D9000274974 /* Release */,
			);
			defaultConfigurationIsVisible = 0;
			defaultConfigurationName = Release;
		};
		CE9F4A132EC42D9000274974 /* Build configuration list for PBXNativeTarget "animeSearchUITests" */ = {
			isa = XCConfigurationList;
			buildConfigurations = (
				CE9F4A142EC42D9000274974 /* Debug */,
				CE9F4A152EC42D9000274974 /* Release */,
			);
			defaultConfigurationIsVisible = 0;
			defaultConfigurationName = Release;
		};
/* End XCConfigurationList section */

/* Begin XCRemoteSwiftPackageReference section */
		CE39DD632EC44E9C0093BFBB /* XCRemoteSwiftPackageReference "RxSwift" */ = {
			isa = XCRemoteSwiftPackageReference;
			repositoryURL = "https://github.com/ReactiveX/RxSwift.git";
			requirement = {
				kind = upToNextMajorVersion;
				minimumVersion = 6.9.1;
			};
		};
/* End XCRemoteSwiftPackageReference section */
	};
	rootObject = CE9F49DE2EC42D8E00274974 /* Project object */;
}
